
Microsoft Visual Studio Solution File, Format Version 12.00
# Visual Studio 15
VisualStudioVersion = 15.0.28307.645
MinimumVisualStudioVersion = 10.0.40219.1
Project("{8BC9CEB8-8B4A-11D0-8D11-00A0C91BC942}") = "ASM_KR", "ASM_KR\ASM_KR.vcxproj", "{1E7AAD50-53D0-4B08-9420-9937EF07FAB9}"
EndProject
Global
	GlobalSection(SolutionConfigurationPlatforms) = preSolution
		Debug|x64 = Debug|x64
		Debug|x86 = Debug|x86
		Release|x64 = Release|x64
		Release|x86 = Release|x86
	EndGlobalSection
	GlobalSection(ProjectConfigurationPlatforms) = postSolution
		{1E7AAD50-53D0-4B08-9420-9937EF07FAB9}.Debug|x64.ActiveCfg = Debug|x64
		{1E7AAD50-53D0-4B08-9420-9937EF07FAB9}.Debug|x64.Build.0 = Debug|x64
		{1E7AAD50-53D0-4B08-9420-9937EF07FAB9}.Debug|x86.ActiveCfg = Debug|Win32
		{1E7AAD50-53D0-4B08-9420-9937EF07FAB9}.Debug|x86.Build.0 = Debug|Win32
		{1E7AAD50-53D0-4B08-9420-9937EF07FAB9}.Release|x64.ActiveCfg = Release|x64
		{1E7AAD50-53D0-4B08-9420-9937EF07FAB9}.Release|x64.Build.0 = Release|x64
		{1E7AAD50-53D0-4B08-9420-9937EF07FAB9}.Release|x86.ActiveCfg = Release|Win32
		{1E7AAD50-53D0-4B08-9420-9937EF07FAB9}.Release|x86.Build.0 = Release|Win32
	EndGlobalSection
	GlobalSection(SolutionProperties) = preSolution
		HideSolutionNode = FALSE
	EndGlobalSection
	GlobalSection(ExtensibilityGlobals) = postSolution
		SolutionGuid = {EA4576B6-4B55-4EA4-9E47-45FBC45C36A5}
	EndGlobalSection
EndGlobal
